Microsoft Visual Studio Solution File, Format Version 12.00
# Visual Studio Version 16
VisualStudioVersion = 16.0.29021.104
MinimumVisualStudioVersion = 15.0.26124.0
Project("{2150E333-8FDC-42A3-9474-1A3956D46DE8}") = "src", "src", "{5D09A785-6509-4FA8-8394-DB761ECFC353}"
EndProject
Project("{9A19103F-16F7-4668-BE54-9A1E7A4F7556}") = "KK.AspNetCore.EasyAuthAuthentication", "src\KK.AspNetCore.EasyAuthAuthentication\KK.AspNetCore.EasyAuthAuthentication.csproj", "{70FFE5C2-8F7C-49E0-9C31-DB713BA66B8B}"
EndProject
Project("{9A19103F-16F7-4668-BE54-9A1E7A4F7556}") = "KK.AspNetCore.EasyAuthAuthentication.Sample", "src\KK.AspNetCore.EasyAuthAuthentication.Sample\KK.AspNetCore.EasyAuthAuthentication.Sample.csproj", "{B156B6B8-9427-4A72-8986-9A17F4FBC0EA}"
EndProject
Project("{2150E333-8FDC-42A3-9474-1A3956D46DE8}") = "Solution Items", "Solution Items", "{215B89CF-8087-48EF-ACDE-995AEE744BF2}"
	ProjectSection(SolutionItems) = preProject
		.editorconfig = .editorconfig
		.gitignore = .gitignore
		global.json = global.json
		GlobalSuppressions.cs = GlobalSuppressions.cs
		LICENSE = LICENSE
		README.md = README.md
		StyleCop.json = StyleCop.json
		StyleCop.ruleset = StyleCop.ruleset
	EndProjectSection
EndProject
Project("{9A19103F-16F7-4668-BE54-9A1E7A4F7556}") = "KK.AspNetCore.EasyAuthClientSample", "src\KK.AspNetCore.EasyAuthClientSample\KK.AspNetCore.EasyAuthClientSample.csproj", "{D8CDBE3B-9359-4F5E-93DD-845548356C2C}"
EndProject
Project("{2150E333-8FDC-42A3-9474-1A3956D46DE8}") = "test", "test", "{61A3BCF5-B88D-4B1A-B75B-0FAAAD64B5EE}"
EndProject
Project("{9A19103F-16F7-4668-BE54-9A1E7A4F7556}") = "KK.AspNetCore.EasyAuthAuthentication.Test", "test\KK.AspNetCore.EasyAuthAuthentication.Test\KK.AspNetCore.EasyAuthAuthentication.Test.csproj", "{14E614F4-F9AD-4366-8655-25BA022DF2F9}"
EndProject
Project("{2150E333-8FDC-42A3-9474-1A3956D46DE8}") = "build", "build", "{D2C7C51D-6374-45F1-9720-BD2AB72A5985}"
	ProjectSection(SolutionItems) = preProject
		build\KK.AspNetCore.EasyAuthAuthentication.yaml = build\KK.AspNetCore.EasyAuthAuthentication.yaml
	EndProjectSection
EndProject
Global
	GlobalSection(SolutionConfigurationPlatforms) = preSolution
		Debug|Any CPU = Debug|Any CPU
		Debug|x64 = Debug|x64
		Debug|x86 = Debug|x86
		Release|Any CPU = Release|Any CPU
		Release|x64 = Release|x64
		Release|x86 = Release|x86
	EndGlobalSection
	GlobalSection(ProjectConfigurationPlatforms) = postSolution
		{70FFE5C2-8F7C-49E0-9C31-DB713BA66B8B}.Debug|Any CPU.ActiveCfg = Debug|Any CPU
		{70FFE5C2-8F7C-49E0-9C31-DB713BA66B8B}.Debug|Any CPU.Build.0 = Debug|Any CPU
		{70FFE5C2-8F7C-49E0-9C31-DB713BA66B8B}.Debug|x64.ActiveCfg = Debug|Any CPU
		{70FFE5C2-8F7C-49E0-9C31-DB713BA66B8B}.Debug|x64.Build.0 = Debug|Any CPU
		{70FFE5C2-8F7C-49E0-9C31-DB713BA66B8B}.Debug|x86.ActiveCfg = Debug|Any CPU
		{70FFE5C2-8F7C-49E0-9C31-DB713BA66B8B}.Debug|x86.Build.0 = Debug|Any CPU
		{70FFE5C2-8F7C-49E0-9C31-DB713BA66B8B}.Release|Any CPU.ActiveCfg = Release|Any CPU
		{70FFE5C2-8F7C-49E0-9C31-DB713BA66B8B}.Release|Any CPU.Build.0 = Release|Any CPU
		{70FFE5C2-8F7C-49E0-9C31-DB713BA66B8B}.Release|x64.ActiveCfg = Release|Any CPU
		{70FFE5C2-8F7C-49E0-9C31-DB713BA66B8B}.Release|x64.Build.0 = Release|Any CPU
		{70FFE5C2-8F7C-49E0-9C31-DB713BA66B8B}.Release|x86.ActiveCfg = Release|Any CPU
		{70FFE5C2-8F7C-49E0-9C31-DB713BA66B8B}.Release|x86.Build.0 = Release|Any CPU
		{B156B6B8-9427-4A72-8986-9A17F4FBC0EA}.Debug|Any CPU.ActiveCfg = Debug|Any CPU
		{B156B6B8-9427-4A72-8986-9A17F4FBC0EA}.Debug|Any CPU.Build.0 = Debug|Any CPU
		{B156B6B8-9427-4A72-8986-9A17F4FBC0EA}.Debug|x64.ActiveCfg = Debug|Any CPU
		{B156B6B8-9427-4A72-8986-9A17F4FBC0EA}.Debug|x64.Build.0 = Debug|Any CPU
		{B156B6B8-9427-4A72-8986-9A17F4FBC0EA}.Debug|x86.ActiveCfg = Debug|Any CPU
		{B156B6B8-9427-4A72-8986-9A17F4FBC0EA}.Debug|x86.Build.0 = Debug|Any CPU
		{B156B6B8-9427-4A72-8986-9A17F4FBC0EA}.Release|Any CPU.ActiveCfg = Release|Any CPU
		{B156B6B8-9427-4A72-8986-9A17F4FBC0EA}.Release|Any CPU.Build.0 = Release|Any CPU
		{B156B6B8-9427-4A72-8986-9A17F4FBC0EA}.Release|x64.ActiveCfg = Release|Any CPU
		{B156B6B8-9427-4A72-8986-9A17F4FBC0EA}.Release|x64.Build.0 = Release|Any CPU
		{B156B6B8-9427-4A72-8986-9A17F4FBC0EA}.Release|x86.ActiveCfg = Release|Any CPU
		{B156B6B8-9427-4A72-8986-9A17F4FBC0EA}.Release|x86.Build.0 = Release|Any CPU
		{D8CDBE3B-9359-4F5E-93DD-845548356C2C}.Debug|Any CPU.ActiveCfg = Debug|Any CPU
		{D8CDBE3B-9359-4F5E-93DD-845548356C2C}.Debug|Any CPU.Build.0 = Debug|Any CPU
		{D8CDBE3B-9359-4F5E-93DD-845548356C2C}.Debug|x64.ActiveCfg = Debug|Any CPU
		{D8CDBE3B-9359-4F5E-93DD-845548356C2C}.Debug|x64.Build.0 = Debug|Any CPU
		{D8CDBE3B-9359-4F5E-93DD-845548356C2C}.Debug|x86.ActiveCfg = Debug|Any CPU
		{D8CDBE3B-9359-4F5E-93DD-845548356C2C}.Debug|x86.Build.0 = Debug|Any CPU
		{D8CDBE3B-9359-4F5E-93DD-845548356C2C}.Release|Any CPU.ActiveCfg = Release|Any CPU
		{D8CDBE3B-9359-4F5E-93DD-845548356C2C}.Release|Any CPU.Build.0 = Release|Any CPU
		{D8CDBE3B-9359-4F5E-93DD-845548356C2C}.Release|x64.ActiveCfg = Release|Any CPU
		{D8CDBE3B-9359-4F5E-93DD-845548356C2C}.Release|x64.Build.0 = Release|Any CPU
		{D8CDBE3B-9359-4F5E-93DD-845548356C2C}.Release|x86.ActiveCfg = Release|Any CPU
		{D8CDBE3B-9359-4F5E-93DD-845548356C2C}.Release|x86.Build.0 = Release|Any CPU
		{14E614F4-F9AD-4366-8655-25BA022DF2F9}.Debug|Any CPU.ActiveCfg = Debug|Any CPU
		{14E614F4-F9AD-4366-8655-25BA022DF2F9}.Debug|Any CPU.Build.0 = Debug|Any CPU
		{14E614F4-F9AD-4366-8655-25BA022DF2F9}.Debug|x64.ActiveCfg = Debug|Any CPU
		{14E614F4-F9AD-4366-8655-25BA022DF2F9}.Debug|x64.Build.0 = Debug|Any CPU
		{14E614F4-F9AD-4366-8655-25BA022DF2F9}.Debug|x86.ActiveCfg = Debug|Any CPU
		{14E614F4-F9AD-4366-8655-25BA022DF2F9}.Debug|x86.Build.0 = Debug|Any CPU
		{14E614F4-F9AD-4366-8655-25BA022DF2F9}.Release|Any CPU.ActiveCfg = Release|Any CPU
		{14E614F4-F9AD-4366-8655-25BA022DF2F9}.Release|Any CPU.Build.0 = Release|Any CPU
		{14E614F4-F9AD-4366-8655-25BA022DF2F9}.Release|x64.ActiveCfg = Release|Any CPU
		{14E614F4-F9AD-4366-8655-25BA022DF2F9}.Release|x64.Build.0 = Release|Any CPU
		{14E614F4-F9AD-4366-8655-25BA022DF2F9}.Release|x86.ActiveCfg = Release|Any CPU
		{14E614F4-F9AD-4366-8655-25BA022DF2F9}.Release|x86.Build.0 = Release|Any CPU
	EndGlobalSection
	GlobalSection(SolutionProperties) = preSolution
		HideSolutionNode = FALSE
	EndGlobalSection
	GlobalSection(NestedProjects) = preSolution
		{70FFE5C2-8F7C-49E0-9C31-DB713BA66B8B} = {5D09A785-6509-4FA8-8394-DB761ECFC353}
		{B156B6B8-9427-4A72-8986-9A17F4FBC0EA} = {5D09A785-6509-4FA8-8394-DB761ECFC353}
		{D8CDBE3B-9359-4F5E-93DD-845548356C2C} = {5D09A785-6509-4FA8-8394-DB761ECFC353}
		{14E614F4-F9AD-4366-8655-25BA022DF2F9} = {61A3BCF5-B88D-4B1A-B75B-0FAAAD64B5EE}
		{D2C7C51D-6374-45F1-9720-BD2AB72A5985} = {215B89CF-8087-48EF-ACDE-995AEE744BF2}
	EndGlobalSection
	GlobalSection(ExtensibilityGlobals) = postSolution
		SolutionGuid = {44C662E3-C7A8-4358-B63F-59F3BE083C60}
	EndGlobalSection
EndGlobal
